// !$*UTF8*$!
{
	archiveVersion = 1;
	classes = {
	};
	objectVersion = 50;
	objects = {

/* Begin PBXBuildFile section */
		9839DB8F25CDF98E0006793E /* AppDelegate.swift in Sources */ = {isa = PBXBuildFile; fileRef = 9839DB8E25CDF98E0006793E /* AppDelegate.swift */; };
		9839DB9125CDF98E0006793E /* SceneDelegate.swift in Sources */ = {isa = PBXBuildFile; fileRef = 9839DB9025CDF98E0006793E /* SceneDelegate.swift */; };
		9839DB9325CDF98E0006793E /* ContentView.swift in Sources */ = {isa = PBXBuildFile; fileRef = 9839DB9225CDF98E0006793E /* ContentView.swift */; };
		9839DB9525CDF9900006793E /* Assets.xcassets in Resources */ = {isa = PBXBuildFile; fileRef = 9839DB9425CDF9900006793E /* Assets.xcassets */; };
		9839DB9825CDF9900006793E /* Preview Assets.xcassets in Resources */ = {isa = PBXBuildFile; fileRef = 9839DB9725CDF9900006793E /* Preview Assets.xcassets */; };
		9839DB9B25CDF9900006793E /* LaunchScreen.storyboard in Resources */ = {isa = PBXBuildFile; fileRef = 9839DB9925CDF9900006793E /* LaunchScreen.storyboard */; };
		9839DBA925CDFB0A0006793E /* WelcomeView.swift in Sources */ = {isa = PBXBuildFile; fileRef = 9839DBA825CDFB0A0006793E /* WelcomeView.swift */; };
		9839DBAE25CDFD140006793E /* LogInScreen.swift in Sources */ = {isa = PBXBuildFile; fileRef = 9839DBAD25CDFD140006793E /* LogInScreen.swift */; };
		9839DBB125CF3B2E0006793E /* RegisterView.swift in Sources */ = {isa = PBXBuildFile; fileRef = 9839DBB025CF3B2E0006793E /* RegisterView.swift */; };
		9839DBB425CF4AC70006793E /* TaskCell.swift in Sources */ = {isa = PBXBuildFile; fileRef = 9839DBB325CF4AC70006793E /* TaskCell.swift */; };
		9894355F25CF4E72005CC936 /* ScheduleView.swift in Sources */ = {isa = PBXBuildFile; fileRef = 9894355E25CF4E72005CC936 /* ScheduleView.swift */; };
		98FFA0AA25D0903800D8229C /* TasksTabView.swift in Sources */ = {isa = PBXBuildFile; fileRef = 98FFA0A925D0903800D8229C /* TasksTabView.swift */; };
/* End PBXBuildFile section */

/* Begin PBXFileReference section */
		9839DB8B25CDF98E0006793E /* Taskly.app */ = {isa = PBXFileReference; explicitFileType = wrapper.application; includeInIndex = 0; path = Taskly.app; sourceTree = BUILT_PRODUCTS_DIR; };
		9839DB8E25CDF98E0006793E /* AppDelegate.swift */ = {isa = PBXFileReference; lastKnownFileType = sourcecode.swift; path = AppDelegate.swift; sourceTree = "<group>"; };
		9839DB9025CDF98E0006793E /* SceneDelegate.swift */ = {isa = PBXFileReference; lastKnownFileType = sourcecode.swift; path = SceneDelegate.swift; sourceTree = "<group>"; };
		9839DB9225CDF98E0006793E /* ContentView.swift */ = {isa = PBXFileReference; lastKnownFileType = sourcecode.swift; path = ContentView.swift; sourceTree = "<group>"; };
		9839DB9425CDF9900006793E /* Assets.xcassets */ = {isa = PBXFileReference; lastKnownFileType = folder.assetcatalog; path = Assets.xcassets; sourceTree = "<group>"; };
		9839DB9725CDF9900006793E /* Preview Assets.xcassets */ = {isa = PBXFileReference; lastKnownFileType = folder.assetcatalog; path = "Preview Assets.xcassets"; sourceTree = "<group>"; };
		9839DB9A25CDF9900006793E /* Base */ = {isa = PBXFileReference; lastKnownFileType = file.storyboard; name = Base; path = Base.lproj/LaunchScreen.storyboard; sourceTree = "<group>"; };
		9839DB9C25CDF9900006793E /* Info.plist */ = {isa = PBXFileReference; lastKnownFileType = text.plist.xml; path = Info.plist; sourceTree = "<group>"; };
		9839DBA825CDFB0A0006793E /* WelcomeView.swift */ = {isa = PBXFileReference; lastKnownFileType = sourcecode.swift; path = WelcomeView.swift; sourceTree = "<group>"; };
		9839DBAD25CDFD140006793E /* LogInScreen.swift */ = {isa = PBXFileReference; lastKnownFileType = sourcecode.swift; path = LogInScreen.swift; sourceTree = "<group>"; };
		9839DBB025CF3B2E0006793E /* RegisterView.swift */ = {isa = PBXFileReference; lastKnownFileType = sourcecode.swift; path = RegisterView.swift; sourceTree = "<group>"; };
		9839DBB325CF4AC70006793E /* TaskCell.swift */ = {isa = PBXFileReference; lastKnownFileType = sourcecode.swift; path = TaskCell.swift; sourceTree = "<group>"; };
		9894355E25CF4E72005CC936 /* ScheduleView.swift */ = {isa = PBXFileReference; lastKnownFileType = sourcecode.swift; path = ScheduleView.swift; sourceTree = "<group>"; };
		98FFA0A925D0903800D8229C /* TasksTabView.swift */ = {isa = PBXFileReference; lastKnownFileType = sourcecode.swift; path = TasksTabView.swift; sourceTree = "<group>"; };
/* End PBXFileReference section */

/* Begin PBXFrameworksBuildPhase section */
		9839DB8825CDF98E0006793E /* Frameworks */ = {
			isa = PBXFrameworksBuildPhase;
			buildActionMask = 2147483647;
			files = (
			);
			runOnlyForDeploymentPostprocessing = 0;
		};
/* End PBXFrameworksBuildPhase section */

/* Begin PBXGroup section */
		9839DB8225CDF98E0006793E = {
			isa = PBXGroup;
			children = (
				9839DB8D25CDF98E0006793E /* Taskly */,
				9839DB8C25CDF98E0006793E /* Products */,
			);
			sourceTree = "<group>";
		};
		9839DB8C25CDF98E0006793E /* Products */ = {
			isa = PBXGroup;
			children = (
				9839DB8B25CDF98E0006793E /* Taskly.app */,
			);
			name = Products;
			sourceTree = "<group>";
		};
		9839DB8D25CDF98E0006793E /* Taskly */ = {
			isa = PBXGroup;
			children = (
				9839DB8E25CDF98E0006793E /* AppDelegate.swift */,
				9839DB9025CDF98E0006793E /* SceneDelegate.swift */,
				9839DBA725CDFAF20006793E /* Views */,
				9839DB9425CDF9900006793E /* Assets.xcassets */,
				9839DB9925CDF9900006793E /* LaunchScreen.storyboard */,
				9839DB9C25CDF9900006793E /* Info.plist */,
				9839DB9625CDF9900006793E /* Preview Content */,
			);
			path = Taskly;
			sourceTree = "<group>";
		};
		9839DB9625CDF9900006793E /* Preview Content */ = {
			isa = PBXGroup;
			children = (
				9839DB9725CDF9900006793E /* Preview Assets.xcassets */,
			);
			path = "Preview Content";
			sourceTree = "<group>";
		};
		9839DBA725CDFAF20006793E /* Views */ = {
			isa = PBXGroup;
			children = (
				9839DBA825CDFB0A0006793E /* WelcomeView.swift */,
				9839DBAD25CDFD140006793E /* LogInScreen.swift */,
				9839DBB025CF3B2E0006793E /* RegisterView.swift */,
				98FFA0A925D0903800D8229C /* TasksTabView.swift */,
			);
			path = Views;
			sourceTree = "<group>";
		};
/* End PBXGroup section */

/* Begin PBXNativeTarget section */
		9839DB8A25CDF98E0006793E /* Taskly */ = {
			isa = PBXNativeTarget;
			buildConfigurationList = 9839DB9F25CDF9900006793E /* Build configuration list for PBXNativeTarget "Taskly" */;
			buildPhases = (
				9839DB8725CDF98E0006793E /* Sources */,
				9839DB8825CDF98E0006793E /* Frameworks */,
				9839DB8925CDF98E0006793E /* Resources */,
			);
			buildRules = (
			);
			dependencies = (
			);
			name = Taskly;
			productName = Taskly;
			productReference = 9839DB8B25CDF98E0006793E /* Taskly.app */;
			productType = "com.apple.product-type.application";
		};
/* End PBXNativeTarget section */

/* Begin PBXProject section */
		9839DB8325CDF98E0006793E /* Project object */ = {
			isa = PBXProject;
			attributes = {
				LastSwiftUpdateCheck = 1220;
				LastUpgradeCheck = 1220;
				TargetAttributes = {
					9839DB8A25CDF98E0006793E = {
						CreatedOnToolsVersion = 12.2;
					};
				};
			};
			buildConfigurationList = 9839DB8625CDF98E0006793E /* Build configuration list for PBXProject "Taskly" */;
			compatibilityVersion = "Xcode 9.3";
			developmentRegion = en;
			hasScannedForEncodings = 0;
			knownRegions = (
				en,
				Base,
			);
			mainGroup = 9839DB8225CDF98E0006793E;
			productRefGroup = 9839DB8C25CDF98E0006793E /* Products */;
			projectDirPath = "";
			projectRoot = "";
			targets = (
				9839DB8A25CDF98E0006793E /* Taskly */,
			);
		};
/* End PBXProject section */

/* Begin PBXResourcesBuildPhase section */
		9839DB8925CDF98E0006793E /* Resources */ = {
			isa = PBXResourcesBuildPhase;
			buildActionMask = 2147483647;
			files = (
				9839DB9B25CDF9900006793E /* LaunchScreen.storyboard in Resources */,
				9839DB9825CDF9900006793E /* Preview Assets.xcassets in Resources */,
				9839DB9525CDF9900006793E /* Assets.xcassets in Resources */,
			);
			runOnlyForDeploymentPostprocessing = 0;
		};
/* End PBXResourcesBuildPhase section */

/* Begin PBXSourcesBuildPhase section */
		9839DB8725CDF98E0006793E /* Sources */ = {
			isa = PBXSourcesBuildPhase;
			buildActionMask = 2147483647;
			files = (
				9839DBAE25CDFD140006793E /* LogInScreen.swift in Sources */,
				9839DBB425CF4AC70006793E /* TaskCell.swift in Sources */,
				9839DB8F25CDF98E0006793E /* AppDelegate.swift in Sources */,
				9839DBA925CDFB0A0006793E /* WelcomeView.swift in Sources */,
				9839DBB125CF3B2E0006793E /* RegisterView.swift in Sources */,
				9894355F25CF4E72005CC936 /* ScheduleView.swift in Sources */,
				9839DB9125CDF98E0006793E /* SceneDelegate.swift in Sources */,
				98FFA0AA25D0903800D8229C /* TasksTabView.swift in Sources */,
				9839DB9325CDF98E0006793E /* ContentView.swift in Sources */,
			);
			runOnlyForDeploymentPostprocessing = 0;
		};
/* End PBXSourcesBuildPhase section */

/* Begin PBXVariantGroup section */
		9839DB9925CDF9900006793E /* LaunchScreen.storyboard */ = {
			isa = PBXVariantGroup;
			children = (
				9839DB9A25CDF9900006793E /* Base */,
			);
			name = LaunchScreen.storyboard;
			sourceTree = "<group>";
		};
/* End PBXVariantGroup section */

/* Begin XCBuildConfiguration section */
		9839DB9D25CDF9900006793E /* Debug */ = {
			isa = XCBuildConfiguration;
			buildSettings = {
				ALWAYS_SEARCH_USER_PATHS = NO;
				CLANG_ANALYZER_NONNULL = YES;
				CLANG_ANALYZER_NUMBER_OBJECT_CONVERSION = YES_AGGRESSIVE;
				CLANG_CXX_LANGUAGE_STANDARD = "gnu++14";
				CLANG_CXX_LIBRARY = "libc++";
				CLANG_ENABLE_MODULES = YES;
				CLANG_ENABLE_OBJC_ARC = YES;
				CLANG_ENABLE_OBJC_WEAK = YES;
				CLANG_WARN_BLOCK_CAPTURE_AUTORELEASING = YES;
				CLANG_WARN_BOOL_CONVERSION = YES;
				CLANG_WARN_COMMA = YES;
				CLANG_WARN_CONSTANT_CONVERSION = YES;
				CLANG_WARN_DEPRECATED_OBJC_IMPLEMENTATIONS = YES;
				CLANG_WARN_DIRECT_OBJC_ISA_USAGE = YES_ERROR;
				CLANG_WARN_DOCUMENTATION_COMMENTS = YES;
				CLANG_WARN_EMPTY_BODY = YES;
				CLANG_WARN_ENUM_CONVERSION = YES;
				CLANG_WARN_INFINITE_RECURSION = YES;
				CLANG_WARN_INT_CONVERSION = YES;
				CLANG_WARN_NON_LITERAL_NULL_CONVERSION = YES;
				CLANG_WARN_OBJC_IMPLICIT_RETAIN_SELF = YES;
				CLANG_WARN_OBJC_LITERAL_CONVERSION = YES;
				CLANG_WARN_OBJC_ROOT_CLASS = YES_ERROR;
				CLANG_WARN_QUOTED_INCLUDE_IN_FRAMEWORK_HEADER = YES;
				CLANG_WARN_RANGE_LOOP_ANALYSIS = YES;
				CLANG_WARN_STRICT_PROTOTYPES = YES;
				CLANG_WARN_SUSPICIOUS_MOVE = YES;
				CLANG_WARN_UNGUARDED_AVAILABILITY = YES_AGGRESSIVE;
				CLANG_WARN_UNREACHABLE_CODE = YES;
				CLANG_WARN__DUPLICATE_METHOD_MATCH = YES;
				COPY_PHASE_STRIP = NO;
				DEBUG_INFORMATION_FORMAT = dwarf;
				ENABLE_STRICT_OBJC_MSGSEND = YES;
				ENABLE_TESTABILITY = YES;
				GCC_C_LANGUAGE_STANDARD = gnu11;
				GCC_DYNAMIC_NO_PIC = NO;
				GCC_NO_COMMON_BLOCKS = YES;
				GCC_OPTIMIZATION_LEVEL = 0;
				GCC_PREPROCESSOR_DEFINITIONS = (
					"DEBUG=1",
					"$(inherited)",
				);
				GCC_WARN_64_TO_32_BIT_CONVERSION = YES;
				GCC_WARN_ABOUT_RETURN_TYPE = YES_ERROR;
				GCC_WARN_UNDECLARED_SELECTOR = YES;
				GCC_WARN_UNINITIALIZED_AUTOS = YES_AGGRESSIVE;
				GCC_WARN_UNUSED_FUNCTION = YES;
				GCC_WARN_UNUSED_VARIABLE = YES;
				IPHONEOS_DEPLOYMENT_TARGET = 14.2;
				MTL_ENABLE_DEBUG_INFO = INCLUDE_SOURCE;
				MTL_FAST_MATH = YES;
				ONLY_ACTIVE_ARCH = YES;
				SDKROOT = iphoneos;
				SWIFT_ACTIVE_COMPILATION_CONDITIONS = DEBUG;
				SWIFT_OPTIMIZATION_LEVEL = "-Onone";
			};
			name = Debug;
		};
		9839DB9E25CDF9900006793E /* Release */ = {
			isa = XCBuildConfiguration;
			buildSettings = {
				ALWAYS_SEARCH_USER_PATHS = NO;
				CLANG_ANALYZER_NONNULL = YES;
				CLANG_ANALYZER_NUMBER_OBJECT_CONVERSION = YES_AGGRESSIVE;
				CLANG_CXX_LANGUAGE_STANDARD = "gnu++14";
				CLANG_CXX_LIBRARY = "libc++";
				CLANG_ENABLE_MODULES = YES;
				CLANG_ENABLE_OBJC_ARC = YES;
				CLANG_ENABLE_OBJC_WEAK = YES;
				CLANG_WARN_BLOCK_CAPTURE_AUTORELEASING = YES;
				CLANG_WARN_BOOL_CONVERSION = YES;
				CLANG_WARN_COMMA = YES;
				CLANG_WARN_CONSTANT_CONVERSION = YES;
				CLANG_WARN_DEPRECATED_OBJC_IMPLEMENTATIONS = YES;
				CLANG_WARN_DIRECT_OBJC_ISA_USAGE = YES_ERROR;
				CLANG_WARN_DOCUMENTATION_COMMENTS = YES;
				CLANG_WARN_EMPTY_BODY = YES;
				CLANG_WARN_ENUM_CONVERSION = YES;
				CLANG_WARN_INFINITE_RECURSION = YES;
				CLANG_WARN_INT_CONVERSION = YES;
				CLANG_WARN_NON_LITERAL_NULL_CONVERSION = YES;
				CLANG_WARN_OBJC_IMPLICIT_RETAIN_SELF = YES;
				CLANG_WARN_OBJC_LITERAL_CONVERSION = YES;
				CLANG_WARN_OBJC_ROOT_CLASS = YES_ERROR;
				CLANG_WARN_QUOTED_INCLUDE_IN_FRAMEWORK_HEADER = YES;
				CLANG_WARN_RANGE_LOOP_ANALYSIS = YES;
				CLANG_WARN_STRICT_PROTOTYPES = YES;
				CLANG_WARN_SUSPICIOUS_MOVE = YES;
				CLANG_WARN_UNGUARDED_AVAILABILITY = YES_AGGRESSIVE;
				CLANG_WARN_UNREACHABLE_CODE = YES;
				CLANG_WARN__DUPLICATE_METHOD_MATCH = YES;
				COPY_PHASE_STRIP = NO;
				DEBUG_INFORMATION_FORMAT = "dwarf-with-dsym";
				ENABLE_NS_ASSERTIONS = NO;
				ENABLE_STRICT_OBJC_MSGSEND = YES;
				GCC_C_LANGUAGE_STANDARD = gnu11;
				GCC_NO_COMMON_BLOCKS = YES;
				GCC_WARN_64_TO_32_BIT_CONVERSION = YES;
				GCC_WARN_ABOUT_RETURN_TYPE = YES_ERROR;
				GCC_WARN_UNDECLARED_SELECTOR = YES;
				GCC_WARN_UNINITIALIZED_AUTOS = YES_AGGRESSIVE;
				GCC_WARN_UNUSED_FUNCTION = YES;
				GCC_WARN_UNUSED_VARIABLE = YES;
				IPHONEOS_DEPLOYMENT_TARGET = 14.2;
				MTL_ENABLE_DEBUG_INFO = NO;
				MTL_FAST_MATH = YES;
				SDKROOT = iphoneos;
				SWIFT_COMPILATION_MODE = wholemodule;
				SWIFT_OPTIMIZATION_LEVEL = "-O";
				VALIDATE_PRODUCT = YES;
			};
			name = Release;
		};
		9839DBA025CDF9900006793E /* Debug */ = {
			isa = XCBuildConfiguration;
			buildSettings = {
				ASSETCATALOG_COMPILER_APPICON_NAME = AppIcon;
				ASSETCATALOG_COMPILER_GLOBAL_ACCENT_COLOR_NAME = AccentColor;
				CODE_SIGN_STYLE = Automatic;
				DEVELOPMENT_ASSET_PATHS = "\"Taskly/Preview Content\"";
				DEVELOPMENT_TEAM = F76TDF8BSD;
				ENABLE_PREVIEWS = YES;
				INFOPLIST_FILE = Taskly/Info.plist;
				LD_RUNPATH_SEARCH_PATHS = (
					"$(inherited)",
					"@executable_path/Frameworks",
				);
				PRODUCT_BUNDLE_IDENTIFIER = ermalbujupaj.Taskly;
				PRODUCT_NAME = "$(TARGET_NAME)";
				SWIFT_VERSION = 5.0;
				TARGETED_DEVICE_FAMILY = "1,2";
			};
			name = Debug;
		};
		9839DBA125CDF9900006793E /* Release */ = {
			isa = XCBuildConfiguration;
			buildSettings = {
				ASSETCATALOG_COMPILER_APPICON_NAME = AppIcon;
				ASSETCATALOG_COMPILER_GLOBAL_ACCENT_COLOR_NAME = AccentColor;
				CODE_SIGN_STYLE = Automatic;
				DEVELOPMENT_ASSET_PATHS = "\"Taskly/Preview Content\"";
				DEVELOPMENT_TEAM = F76TDF8BSD;
				ENABLE_PREVIEWS = YES;
				INFOPLIST_FILE = Taskly/Info.plist;
				LD_RUNPATH_SEARCH_PATHS = (
					"$(inherited)",
					"@executable_path/Frameworks",
				);
				PRODUCT_BUNDLE_IDENTIFIER = ermalbujupaj.Taskly;
				PRODUCT_NAME = "$(TARGET_NAME)";
				SWIFT_VERSION = 5.0;
				TARGETED_DEVICE_FAMILY = "1,2";
			};
			name = Release;
		};
/* End XCBuildConfiguration section */

/* Begin XCConfigurationList section */
		9839DB8625CDF98E0006793E /* Build configuration list for PBXProject "Taskly" */ = {
			isa = XCConfigurationList;
			buildConfigurations = (
				9839DB9D25CDF9900006793E /* Debug */,
				9839DB9E25CDF9900006793E /* Release */,
			);
			defaultConfigurationIsVisible = 0;
			defaultConfigurationName = Release;
		};
		9839DB9F25CDF9900006793E /* Build configuration list for PBXNativeTarget "Taskly" */ = {
			isa = XCConfigurationList;
			buildConfigurations = (
				9839DBA025CDF9900006793E /* Debug */,
				9839DBA125CDF9900006793E /* Release */,
			);
			defaultConfigurationIsVisible = 0;
			defaultConfigurationName = Release;
		};
/* End XCConfigurationList section */
	};
	rootObject = 9839DB8325CDF98E0006793E /* Project object */;
}
